// !$*UTF8*$!
{
	archiveVersion = 1;
	classes = {
	};
	objectVersion = 46;
	objects = {

/* Begin PBXBuildFile section */
		961D0CD61CC7033700C9E97F /* AppDelegate.swift in Sources */ = {isa = PBXBuildFile; fileRef = 961D0CD51CC7033700C9E97F /* AppDelegate.swift */; };
		961D0CDB1CC7033700C9E97F /* Main.storyboard in Resources */ = {isa = PBXBuildFile; fileRef = 961D0CD91CC7033700C9E97F /* Main.storyboard */; };
		961D0CDD1CC7033700C9E97F /* Assets.xcassets in Resources */ = {isa = PBXBuildFile; fileRef = 961D0CDC1CC7033700C9E97F /* Assets.xcassets */; };
		961D0CE01CC7033700C9E97F /* LaunchScreen.storyboard in Resources */ = {isa = PBXBuildFile; fileRef = 961D0CDE1CC7033700C9E97F /* LaunchScreen.storyboard */; };
		961D0CEB1CC7033700C9E97F /* newsreaderTests.swift in Sources */ = {isa = PBXBuildFile; fileRef = 961D0CEA1CC7033700C9E97F /* newsreaderTests.swift */; };
		961D0CF61CC7033700C9E97F /* newsreaderUITests.swift in Sources */ = {isa = PBXBuildFile; fileRef = 961D0CF51CC7033700C9E97F /* newsreaderUITests.swift */; };
		961D0D0A1CC838BA00C9E97F /* Article.swift in Sources */ = {isa = PBXBuildFile; fileRef = 961D0D091CC838BA00C9E97F /* Article.swift */; };
		96C8F4301CC8BCE7000C94C8 /* default.jpg in Resources */ = {isa = PBXBuildFile; fileRef = 96C8F42F1CC8BCE7000C94C8 /* default.jpg */; };
		96C8F4361CC8C273000C94C8 /* ArticleTableController.swift in Sources */ = {isa = PBXBuildFile; fileRef = 96C8F4351CC8C273000C94C8 /* ArticleTableController.swift */; };
		96C8F4381CC8C2B6000C94C8 /* ArticleCellController.swift in Sources */ = {isa = PBXBuildFile; fileRef = 96C8F4371CC8C2B6000C94C8 /* ArticleCellController.swift */; };
/* End PBXBuildFile section */

/* Begin PBXContainerItemProxy section */
		961D0CE71CC7033700C9E97F /* PBXContainerItemProxy */ = {
			isa = PBXContainerItemProxy;
			containerPortal = 961D0CCA1CC7033700C9E97F /* Project object */;
			proxyType = 1;
			remoteGlobalIDString = 961D0CD11CC7033700C9E97F;
			remoteInfo = newsreader;
		};
		961D0CF21CC7033700C9E97F /* PBXContainerItemProxy */ = {
			isa = PBXContainerItemProxy;
			containerPortal = 961D0CCA1CC7033700C9E97F /* Project object */;
			proxyType = 1;
			remoteGlobalIDString = 961D0CD11CC7033700C9E97F;
			remoteInfo = newsreader;
		};
/* End PBXContainerItemProxy section */

/* Begin PBXFileReference section */
		961D0CD21CC7033700C9E97F /* newsreader.app */ = {isa = PBXFileReference; explicitFileType = wrapper.application; includeInIndex = 0; path = newsreader.app; sourceTree = BUILT_PRODUCTS_DIR; };
		961D0CD51CC7033700C9E97F /* AppDelegate.swift */ = {isa = PBXFileReference; lastKnownFileType = sourcecode.swift; path = AppDelegate.swift; sourceTree = "<group>"; };
		961D0CDA1CC7033700C9E97F /* Base */ = {isa = PBXFileReference; lastKnownFileType = file.storyboard; name = Base; path = Base.lproj/Main.storyboard; sourceTree = "<group>"; };
		961D0CDC1CC7033700C9E97F /* Assets.xcassets */ = {isa = PBXFileReference; lastKnownFileType = folder.assetcatalog; path = Assets.xcassets; sourceTree = "<group>"; };
		961D0CDF1CC7033700C9E97F /* Base */ = {isa = PBXFileReference; lastKnownFileType = file.storyboard; name = Base; path = Base.lproj/LaunchScreen.storyboard; sourceTree = "<group>"; };
		961D0CE11CC7033700C9E97F /* Info.plist */ = {isa = PBXFileReference; lastKnownFileType = text.plist.xml; path = Info.plist; sourceTree = "<group>"; };
		961D0CE61CC7033700C9E97F /* newsreaderTests.xctest */ = {isa = PBXFileReference; explicitFileType = wrapper.cfbundle; includeInIndex = 0; path = newsreaderTests.xctest; sourceTree = BUILT_PRODUCTS_DIR; };
		961D0CEA1CC7033700C9E97F /* newsreaderTests.swift */ = {isa = PBXFileReference; lastKnownFileType = sourcecode.swift; path = newsreaderTests.swift; sourceTree = "<group>"; };
		961D0CEC1CC7033700C9E97F /* Info.plist */ = {isa = PBXFileReference; lastKnownFileType = text.plist.xml; path = Info.plist; sourceTree = "<group>"; };
		961D0CF11CC7033700C9E97F /* newsreaderUITests.xctest */ = {isa = PBXFileReference; explicitFileType = wrapper.cfbundle; includeInIndex = 0; path = newsreaderUITests.xctest; sourceTree = BUILT_PRODUCTS_DIR; };
		961D0CF51CC7033700C9E97F /* newsreaderUITests.swift */ = {isa = PBXFileReference; lastKnownFileType = sourcecode.swift; path = newsreaderUITests.swift; sourceTree = "<group>"; };
		961D0CF71CC7033700C9E97F /* Info.plist */ = {isa = PBXFileReference; lastKnownFileType = text.plist.xml; path = Info.plist; sourceTree = "<group>"; };
		961D0D091CC838BA00C9E97F /* Article.swift */ = {isa = PBXFileReference; fileEncoding = 4; lastKnownFileType = sourcecode.swift; path = Article.swift; sourceTree = "<group>"; };
		96C8F42F1CC8BCE7000C94C8 /* default.jpg */ = {isa = PBXFileReference; lastKnownFileType = image.jpeg; path = default.jpg; sourceTree = "<group>"; };
		96C8F4351CC8C273000C94C8 /* ArticleTableController.swift */ = {isa = PBXFileReference; fileEncoding = 4; lastKnownFileType = sourcecode.swift; name = ArticleTableController.swift; path = ../ArticleTableController.swift; sourceTree = "<group>"; };
		96C8F4371CC8C2B6000C94C8 /* ArticleCellController.swift */ = {isa = PBXFileReference; fileEncoding = 4; lastKnownFileType = sourcecode.swift; name = ArticleCellController.swift; path = ../ArticleCellController.swift; sourceTree = "<group>"; };
/* End PBXFileReference section */

/* Begin PBXFrameworksBuildPhase section */
		961D0CCF1CC7033700C9E97F /* Frameworks */ = {
			isa = PBXFrameworksBuildPhase;
			buildActionMask = 2147483647;
			files = (
			);
			runOnlyForDeploymentPostprocessing = 0;
		};
		961D0CE31CC7033700C9E97F /* Frameworks */ = {
			isa = PBXFrameworksBuildPhase;
			buildActionMask = 2147483647;
			files = (
			);
			runOnlyForDeploymentPostprocessing = 0;
		};
		961D0CEE1CC7033700C9E97F /* Frameworks */ = {
			isa = PBXFrameworksBuildPhase;
			buildActionMask = 2147483647;
			files = (
			);
			runOnlyForDeploymentPostprocessing = 0;
		};
/* End PBXFrameworksBuildPhase section */

/* Begin PBXGroup section */
		961D0CC91CC7033700C9E97F = {
			isa = PBXGroup;
			children = (
				961D0CD41CC7033700C9E97F /* newsreader */,
				961D0CE91CC7033700C9E97F /* newsreaderTests */,
				961D0CF41CC7033700C9E97F /* newsreaderUITests */,
				961D0CD31CC7033700C9E97F /* Products */,
			);
			sourceTree = "<group>";
		};
		961D0CD31CC7033700C9E97F /* Products */ = {
			isa = PBXGroup;
			children = (
				961D0CD21CC7033700C9E97F /* newsreader.app */,
				961D0CE61CC7033700C9E97F /* newsreaderTests.xctest */,
				961D0CF11CC7033700C9E97F /* newsreaderUITests.xctest */,
			);
			name = Products;
			sourceTree = "<group>";
		};
		961D0CD41CC7033700C9E97F /* newsreader */ = {
			isa = PBXGroup;
			children = (
				96C8F4371CC8C2B6000C94C8 /* ArticleCellController.swift */,
				96C8F4351CC8C273000C94C8 /* ArticleTableController.swift */,
				961D0CD51CC7033700C9E97F /* AppDelegate.swift */,
				961D0CD91CC7033700C9E97F /* Main.storyboard */,
				961D0CDC1CC7033700C9E97F /* Assets.xcassets */,
				961D0CDE1CC7033700C9E97F /* LaunchScreen.storyboard */,
				961D0CE11CC7033700C9E97F /* Info.plist */,
				961D0D091CC838BA00C9E97F /* Article.swift */,
				96C8F42F1CC8BCE7000C94C8 /* default.jpg */,
			);
			path = newsreader;
			sourceTree = "<group>";
		};
		961D0CE91CC7033700C9E97F /* newsreaderTests */ = {
			isa = PBXGroup;
			children = (
				961D0CEA1CC7033700C9E97F /* newsreaderTests.swift */,
				961D0CEC1CC7033700C9E97F /* Info.plist */,
			);
			path = newsreaderTests;
			sourceTree = "<group>";
		};
		961D0CF41CC7033700C9E97F /* newsreaderUITests */ = {
			isa = PBXGroup;
			children = (
				961D0CF51CC7033700C9E97F /* newsreaderUITests.swift */,
				961D0CF71CC7033700C9E97F /* Info.plist */,
			);
			path = newsreaderUITests;
			sourceTree = "<group>";
		};
/* End PBXGroup section */

/* Begin PBXNativeTarget section */
		961D0CD11CC7033700C9E97F /* newsreader */ = {
			isa = PBXNativeTarget;
			buildConfigurationList = 961D0CFA1CC7033700C9E97F /* Build configuration list for PBXNativeTarget "newsreader" */;
			buildPhases = (
				961D0CCE1CC7033700C9E97F /* Sources */,
				961D0CCF1CC7033700C9E97F /* Frameworks */,
				961D0CD01CC7033700C9E97F /* Resources */,
			);
			buildRules = (
			);
			dependencies = (
			);
			name = newsreader;
			productName = newsreader;
			productReference = 961D0CD21CC7033700C9E97F /* newsreader.app */;
			productType = "com.apple.product-type.application";
		};
		961D0CE51CC7033700C9E97F /* newsreaderTests */ = {
			isa = PBXNativeTarget;
			buildConfigurationList = 961D0CFD1CC7033700C9E97F /* Build configuration list for PBXNativeTarget "newsreaderTests" */;
			buildPhases = (
				961D0CE21CC7033700C9E97F /* Sources */,
				961D0CE31CC7033700C9E97F /* Frameworks */,
				961D0CE41CC7033700C9E97F /* Resources */,
			);
			buildRules = (
			);
			dependencies = (
				961D0CE81CC7033700C9E97F /* PBXTargetDependency */,
			);
			name = newsreaderTests;
			productName = newsreaderTests;
			productReference = 961D0CE61CC7033700C9E97F /* newsreaderTests.xctest */;
			productType = "com.apple.product-type.bundle.unit-test";
		};
		961D0CF01CC7033700C9E97F /* newsreaderUITests */ = {
			isa = PBXNativeTarget;
			buildConfigurationList = 961D0D001CC7033700C9E97F /* Build configuration list for PBXNativeTarget "newsreaderUITests" */;
			buildPhases = (
				961D0CED1CC7033700C9E97F /* Sources */,
				961D0CEE1CC7033700C9E97F /* Frameworks */,
				961D0CEF1CC7033700C9E97F /* Resources */,
			);
			buildRules = (
			);
			dependencies = (
				961D0CF31CC7033700C9E97F /* PBXTargetDependency */,
			);
			name = newsreaderUITests;
			productName = newsreaderUITests;
			productReference = 961D0CF11CC7033700C9E97F /* newsreaderUITests.xctest */;
			productType = "com.apple.product-type.bundle.ui-testing";
		};
/* End PBXNativeTarget section */

/* Begin PBXProject section */
		961D0CCA1CC7033700C9E97F /* Project object */ = {
			isa = PBXProject;
			attributes = {
				LastSwiftUpdateCheck = 0730;
				LastUpgradeCheck = 0730;
				ORGANIZATIONNAME = mecar6;
				TargetAttributes = {
					961D0CD11CC7033700C9E97F = {
						CreatedOnToolsVersion = 7.3;
					};
					961D0CE51CC7033700C9E97F = {
						CreatedOnToolsVersion = 7.3;
						TestTargetID = 961D0CD11CC7033700C9E97F;
					};
					961D0CF01CC7033700C9E97F = {
						CreatedOnToolsVersion = 7.3;
						TestTargetID = 961D0CD11CC7033700C9E97F;
					};
				};
			};
			buildConfigurationList = 961D0CCD1CC7033700C9E97F /* Build configuration list for PBXProject "newsreader" */;
			compatibilityVersion = "Xcode 3.2";
			developmentRegion = English;
			hasScannedForEncodings = 0;
			knownRegions = (
				en,
				Base,
			);
			mainGroup = 961D0CC91CC7033700C9E97F;
			productRefGroup = 961D0CD31CC7033700C9E97F /* Products */;
			projectDirPath = "";
			projectRoot = "";
			targets = (
				961D0CD11CC7033700C9E97F /* newsreader */,
				961D0CE51CC7033700C9E97F /* newsreaderTests */,
				961D0CF01CC7033700C9E97F /* newsreaderUITests */,
			);
		};
/* End PBXProject section */

/* Begin PBXResourcesBuildPhase section */
		961D0CD01CC7033700C9E97F /* Resources */ = {
			isa = PBXResourcesBuildPhase;
			buildActionMask = 2147483647;
			files = (
				961D0CE01CC7033700C9E97F /* LaunchScreen.storyboard in Resources */,
				961D0CDD1CC7033700C9E97F /* Assets.xcassets in Resources */,
				961D0CDB1CC7033700C9E97F /* Main.storyboard in Resources */,
				96C8F4301CC8BCE7000C94C8 /* default.jpg in Resources */,
			);
			runOnlyForDeploymentPostprocessing = 0;
		};
		961D0CE41CC7033700C9E97F /* Resources */ = {
			isa = PBXResourcesBuildPhase;
			buildActionMask = 2147483647;
			files = (
			);
			runOnlyForDeploymentPostprocessing = 0;
		};
		961D0CEF1CC7033700C9E97F /* Resources */ = {
			isa = PBXResourcesBuildPhase;
			buildActionMask = 2147483647;
			files = (
			);
			runOnlyForDeploymentPostprocessing = 0;
		};
/* End PBXResourcesBuildPhase section */

/* Begin PBXSourcesBuildPhase section */
		961D0CCE1CC7033700C9E97F /* Sources */ = {
			isa = PBXSourcesBuildPhase;
			buildActionMask = 2147483647;
			files = (
				96C8F4361CC8C273000C94C8 /* ArticleTableController.swift in Sources */,
				961D0CD61CC7033700C9E97F /* AppDelegate.swift in Sources */,
				96C8F4381CC8C2B6000C94C8 /* ArticleCellController.swift in Sources */,
				961D0D0A1CC838BA00C9E97F /* Article.swift in Sources */,
			);
			runOnlyForDeploymentPostprocessing = 0;
		};
		961D0CE21CC7033700C9E97F /* Sources */ = {
			isa = PBXSourcesBuildPhase;
			buildActionMask = 2147483647;
			files = (
				961D0CEB1CC7033700C9E97F /* newsreaderTests.swift in Sources */,
			);
			runOnlyForDeploymentPostprocessing = 0;
		};
		961D0CED1CC7033700C9E97F /* Sources */ = {
			isa = PBXSourcesBuildPhase;
			buildActionMask = 2147483647;
			files = (
				961D0CF61CC7033700C9E97F /* newsreaderUITests.swift in Sources */,
			);
			runOnlyForDeploymentPostprocessing = 0;
		};
/* End PBXSourcesBuildPhase section */

/* Begin PBXTargetDependency section */
		961D0CE81CC7033700C9E97F /* PBXTargetDependency */ = {
			isa = PBXTargetDependency;
			target = 961D0CD11CC7033700C9E97F /* newsreader */;
			targetProxy = 961D0CE71CC7033700C9E97F /* PBXContainerItemProxy */;
		};
		961D0CF31CC7033700C9E97F /* PBXTargetDependency */ = {
			isa = PBXTargetDependency;
			target = 961D0CD11CC7033700C9E97F /* newsreader */;
			targetProxy = 961D0CF21CC7033700C9E97F /* PBXContainerItemProxy */;
		};
/* End PBXTargetDependency section */

/* Begin PBXVariantGroup section */
		961D0CD91CC7033700C9E97F /* Main.storyboard */ = {
			isa = PBXVariantGroup;
			children = (
				961D0CDA1CC7033700C9E97F /* Base */,
			);
			name = Main.storyboard;
			sourceTree = "<group>";
		};
		961D0CDE1CC7033700C9E97F /* LaunchScreen.storyboard */ = {
			isa = PBXVariantGroup;
			children = (
				961D0CDF1CC7033700C9E97F /* Base */,
			);
			name = LaunchScreen.storyboard;
			sourceTree = "<group>";
		};
/* End PBXVariantGroup section */

/* Begin XCBuildConfiguration section */
		961D0CF81CC7033700C9E97F /* Debug */ = {
			isa = XCBuildConfiguration;
			buildSettings = {
				ALWAYS_SEARCH_USER_PATHS = NO;
				CLANG_ANALYZER_NONNULL = YES;
				CLANG_CXX_LANGUAGE_STANDARD = "gnu++0x";
				CLANG_CXX_LIBRARY = "libc++";
				CLANG_ENABLE_MODULES = YES;
				CLANG_ENABLE_OBJC_ARC = YES;
				CLANG_WARN_BOOL_CONVERSION = YES;
				CLANG_WARN_CONSTANT_CONVERSION = YES;
				CLANG_WARN_DIRECT_OBJC_ISA_USAGE = YES_ERROR;
				CLANG_WARN_EMPTY_BODY = YES;
				CLANG_WARN_ENUM_CONVERSION = YES;
				CLANG_WARN_INT_CONVERSION = YES;
				CLANG_WARN_OBJC_ROOT_CLASS = YES_ERROR;
				CLANG_WARN_UNREACHABLE_CODE = YES;
				CLANG_WARN__DUPLICATE_METHOD_MATCH = YES;
				"CODE_SIGN_IDENTITY[sdk=iphoneos*]" = "iPhone Developer";
				COPY_PHASE_STRIP = NO;
				DEBUG_INFORMATION_FORMAT = dwarf;
				ENABLE_STRICT_OBJC_MSGSEND = YES;
				ENABLE_TESTABILITY = YES;
				GCC_C_LANGUAGE_STANDARD = gnu99;
				GCC_DYNAMIC_NO_PIC = NO;
				GCC_NO_COMMON_BLOCKS = YES;
				GCC_OPTIMIZATION_LEVEL = 0;
				GCC_PREPROCESSOR_DEFINITIONS = (
					"DEBUG=1",
					"$(inherited)",
				);
				GCC_WARN_64_TO_32_BIT_CONVERSION = YES;
				GCC_WARN_ABOUT_RETURN_TYPE = YES_ERROR;
				GCC_WARN_UNDECLARED_SELECTOR = YES;
				GCC_WARN_UNINITIALIZED_AUTOS = YES_AGGRESSIVE;
				GCC_WARN_UNUSED_FUNCTION = YES;
				GCC_WARN_UNUSED_VARIABLE = YES;
				IPHONEOS_DEPLOYMENT_TARGET = 9.3;
				MTL_ENABLE_DEBUG_INFO = YES;
				ONLY_ACTIVE_ARCH = YES;
				SDKROOT = iphoneos;
				SWIFT_OPTIMIZATION_LEVEL = "-Onone";
			};
			name = Debug;
		};
		961D0CF91CC7033700C9E97F /* Release */ = {
			isa = XCBuildConfiguration;
			buildSettings = {
				ALWAYS_SEARCH_USER_PATHS = NO;
				CLANG_ANALYZER_NONNULL = YES;
				CLANG_CXX_LANGUAGE_STANDARD = "gnu++0x";
				CLANG_CXX_LIBRARY = "libc++";
				CLANG_ENABLE_MODULES = YES;
				CLANG_ENABLE_OBJC_ARC = YES;
				CLANG_WARN_BOOL_CONVERSION = YES;
				CLANG_WARN_CONSTANT_CONVERSION = YES;
				CLANG_WARN_DIRECT_OBJC_ISA_USAGE = YES_ERROR;
				CLANG_WARN_EMPTY_BODY = YES;
				CLANG_WARN_ENUM_CONVERSION = YES;
				CLANG_WARN_INT_CONVERSION = YES;
				CLANG_WARN_OBJC_ROOT_CLASS = YES_ERROR;
				CLANG_WARN_UNREACHABLE_CODE = YES;
				CLANG_WARN__DUPLICATE_METHOD_MATCH = YES;
				"CODE_SIGN_IDENTITY[sdk=iphoneos*]" = "iPhone Developer";
				COPY_PHASE_STRIP = NO;
				DEBUG_INFORMATION_FORMAT = "dwarf-with-dsym";
				ENABLE_NS_ASSERTIONS = NO;
				ENABLE_STRICT_OBJC_MSGSEND = YES;
				GCC_C_LANGUAGE_STANDARD = gnu99;
				GCC_NO_COMMON_BLOCKS = YES;
				GCC_WARN_64_TO_32_BIT_CONVERSION = YES;
				GCC_WARN_ABOUT_RETURN_TYPE = YES_ERROR;
				GCC_WARN_UNDECLARED_SELECTOR = YES;
				GCC_WARN_UNINITIALIZED_AUTOS = YES_AGGRESSIVE;
				GCC_WARN_UNUSED_FUNCTION = YES;
				GCC_WARN_UNUSED_VARIABLE = YES;
				IPHONEOS_DEPLOYMENT_TARGET = 9.3;
				MTL_ENABLE_DEBUG_INFO = NO;
				SDKROOT = iphoneos;
				VALIDATE_PRODUCT = YES;
			};
			name = Release;
		};
		961D0CFB1CC7033700C9E97F /* Debug */ = {
			isa = XCBuildConfiguration;
			buildSettings = {
				ASSETCATALOG_COMPILER_APPICON_NAME = AppIcon;
				INFOPLIST_FILE = newsreader/Info.plist;
				LD_RUNPATH_SEARCH_PATHS = "$(inherited) @executable_path/Frameworks";
				PRODUCT_BUNDLE_IDENTIFIER = mecar6.newsreader;
				PRODUCT_NAME = "$(TARGET_NAME)";
			};
			name = Debug;
		};
		961D0CFC1CC7033700C9E97F /* Release */ = {
			isa = XCBuildConfiguration;
			buildSettings = {
				ASSETCATALOG_COMPILER_APPICON_NAME = AppIcon;
				INFOPLIST_FILE = newsreader/Info.plist;
				LD_RUNPATH_SEARCH_PATHS = "$(inherited) @executable_path/Frameworks";
				PRODUCT_BUNDLE_IDENTIFIER = mecar6.newsreader;
				PRODUCT_NAME = "$(TARGET_NAME)";
			};
			name = Release;
		};
		961D0CFE1CC7033700C9E97F /* Debug */ = {
			isa = XCBuildConfiguration;
			buildSettings = {
				BUNDLE_LOADER = "$(TEST_HOST)";
				INFOPLIST_FILE = newsreaderTests/Info.plist;
				LD_RUNPATH_SEARCH_PATHS = "$(inherited) @executable_path/Frameworks @loader_path/Frameworks";
				PRODUCT_BUNDLE_IDENTIFIER = mecar6.newsreaderTests;
				PRODUCT_NAME = "$(TARGET_NAME)";
				TEST_HOST = "$(BUILT_PRODUCTS_DIR)/newsreader.app/newsreader";
			};
			name = Debug;
		};
		961D0CFF1CC7033700C9E97F /* Release */ = {
			isa = XCBuildConfiguration;
			buildSettings = {
				BUNDLE_LOADER = "$(TEST_HOST)";
				INFOPLIST_FILE = newsreaderTests/Info.plist;
				LD_RUNPATH_SEARCH_PATHS = "$(inherited) @executable_path/Frameworks @loader_path/Frameworks";
				PRODUCT_BUNDLE_IDENTIFIER = mecar6.newsreaderTests;
				PRODUCT_NAME = "$(TARGET_NAME)";
				TEST_HOST = "$(BUILT_PRODUCTS_DIR)/newsreader.app/newsreader";
			};
			name = Release;
		};
		961D0D011CC7033700C9E97F /* Debug */ = {
			isa = XCBuildConfiguration;
			buildSettings = {
				INFOPLIST_FILE = newsreaderUITests/Info.plist;
				LD_RUNPATH_SEARCH_PATHS = "$(inherited) @executable_path/Frameworks @loader_path/Frameworks";
				PRODUCT_BUNDLE_IDENTIFIER = mecar6.newsreaderUITests;
				PRODUCT_NAME = "$(TARGET_NAME)";
				TEST_TARGET_NAME = newsreader;
			};
			name = Debug;
		};
		961D0D021CC7033700C9E97F /* Release */ = {
			isa = XCBuildConfiguration;
			buildSettings = {
				INFOPLIST_FILE = newsreaderUITests/Info.plist;
				LD_RUNPATH_SEARCH_PATHS = "$(inherited) @executable_path/Frameworks @loader_path/Frameworks";
				PRODUCT_BUNDLE_IDENTIFIER = mecar6.newsreaderUITests;
				PRODUCT_NAME = "$(TARGET_NAME)";
				TEST_TARGET_NAME = newsreader;
			};
			name = Release;
		};
/* End XCBuildConfiguration section */

/* Begin XCConfigurationList section */
		961D0CCD1CC7033700C9E97F /* Build configuration list for PBXProject "newsreader" */ = {
			isa = XCConfigurationList;
			buildConfigurations = (
				961D0CF81CC7033700C9E97F /* Debug */,
				961D0CF91CC7033700C9E97F /* Release */,
			);
			defaultConfigurationIsVisible = 0;
			defaultConfigurationName = Release;
		};
		961D0CFA1CC7033700C9E97F /* Build configuration list for PBXNativeTarget "newsreader" */ = {
			isa = XCConfigurationList;
			buildConfigurations = (
				961D0CFB1CC7033700C9E97F /* Debug */,
				961D0CFC1CC7033700C9E97F /* Release */,
			);
			defaultConfigurationIsVisible = 0;
			defaultConfigurationName = Release;
		};
		961D0CFD1CC7033700C9E97F /* Build configuration list for PBXNativeTarget "newsreaderTests" */ = {
			isa = XCConfigurationList;
			buildConfigurations = (
				961D0CFE1CC7033700C9E97F /* Debug */,
				961D0CFF1CC7033700C9E97F /* Release */,
			);
			defaultConfigurationIsVisible = 0;
			defaultConfigurationName = Release;
		};
		961D0D001CC7033700C9E97F /* Build configuration list for PBXNativeTarget "newsreaderUITests" */ = {
			isa = XCConfigurationList;
			buildConfigurations = (
				961D0D011CC7033700C9E97F /* Debug */,
				961D0D021CC7033700C9E97F /* Release */,
			);
			defaultConfigurationIsVisible = 0;
			defaultConfigurationName = Release;
		};
/* End XCConfigurationList section */
	};
	rootObject = 961D0CCA1CC7033700C9E97F /* Project object */;
}
